// !$*UTF8*$!
{
	archiveVersion = 1;
	classes = {
	};
	objectVersion = 46;
	objects = {

/* Begin PBXBuildFile section */
		1BBDAAE91F99A33F00C63F48 /* StarWarsPeopleTableViewController.swift in Sources */ = {isa = PBXBuildFile; fileRef = 1BBDAAE81F99A33F00C63F48 /* StarWarsPeopleTableViewController.swift */; };
		1BBDAAEB1F99A37E00C63F48 /* StarWarsPlanetsTableViewController.swift in Sources */ = {isa = PBXBuildFile; fileRef = 1BBDAAEA1F99A37E00C63F48 /* StarWarsPlanetsTableViewController.swift */; };
		1BBDAAED1F99A3B900C63F48 /* StarWarsStarshipTableViewController.swift in Sources */ = {isa = PBXBuildFile; fileRef = 1BBDAAEC1F99A3B900C63F48 /* StarWarsStarshipTableViewController.swift */; };
		1BBDAAEF1F9C4B6700C63F48 /* StarWarsPeopleDataStore.swift in Sources */ = {isa = PBXBuildFile; fileRef = 1BBDAAEE1F9C4B6700C63F48 /* StarWarsPeopleDataStore.swift */; };
		1BBDAAF11F9C4C1900C63F48 /* StarWarsPlanetsDataStore.swift in Sources */ = {isa = PBXBuildFile; fileRef = 1BBDAAF01F9C4C1900C63F48 /* StarWarsPlanetsDataStore.swift */; };
		1BBDAAF31F9C4C9E00C63F48 /* StarWarsStarshipDataStore.swift in Sources */ = {isa = PBXBuildFile; fileRef = 1BBDAAF21F9C4C9E00C63F48 /* StarWarsStarshipDataStore.swift */; };
		1BC861211F732CD4001DD576 /* AppDelegate.swift in Sources */ = {isa = PBXBuildFile; fileRef = 1BC861201F732CD4001DD576 /* AppDelegate.swift */; };
		1BC861231F732CD4001DD576 /* ViewController.swift in Sources */ = {isa = PBXBuildFile; fileRef = 1BC861221F732CD4001DD576 /* ViewController.swift */; };
		1BC861261F732CD4001DD576 /* Main.storyboard in Resources */ = {isa = PBXBuildFile; fileRef = 1BC861241F732CD4001DD576 /* Main.storyboard */; };
		1BC861291F732CD4001DD576 /* StarWarsAPI.xcdatamodeld in Sources */ = {isa = PBXBuildFile; fileRef = 1BC861271F732CD4001DD576 /* StarWarsAPI.xcdatamodeld */; };
		1BC8612B1F732CD4001DD576 /* Assets.xcassets in Resources */ = {isa = PBXBuildFile; fileRef = 1BC8612A1F732CD4001DD576 /* Assets.xcassets */; };
		1BC8612E1F732CD4001DD576 /* LaunchScreen.storyboard in Resources */ = {isa = PBXBuildFile; fileRef = 1BC8612C1F732CD4001DD576 /* LaunchScreen.storyboard */; };
		1BC861391F732CD4001DD576 /* StarWarsAPITests.swift in Sources */ = {isa = PBXBuildFile; fileRef = 1BC861381F732CD4001DD576 /* StarWarsAPITests.swift */; };
		1BC861441F732CD4001DD576 /* StarWarsAPIUITests.swift in Sources */ = {isa = PBXBuildFile; fileRef = 1BC861431F732CD4001DD576 /* StarWarsAPIUITests.swift */; };
		1BCE0C831F9EB21100A3F8E6 /* StarWarsPeople.swift in Sources */ = {isa = PBXBuildFile; fileRef = 1BCE0C821F9EB21100A3F8E6 /* StarWarsPeople.swift */; };
		1BCE0C851F9EB4AB00A3F8E6 /* StarWarsPlanet.swift in Sources */ = {isa = PBXBuildFile; fileRef = 1BCE0C841F9EB4AB00A3F8E6 /* StarWarsPlanet.swift */; };
		1BCE0C871F9EB5B400A3F8E6 /* StarWarsStarship.swift in Sources */ = {isa = PBXBuildFile; fileRef = 1BCE0C861F9EB5B400A3F8E6 /* StarWarsStarship.swift */; };
		1BCF5D601F74CD0A0044BB51 /* StarWarsPeopleAPIClient.swift in Sources */ = {isa = PBXBuildFile; fileRef = 1BCF5D5F1F74CD0A0044BB51 /* StarWarsPeopleAPIClient.swift */; };
		1BCF5D621F74D5740044BB51 /* StarWarsPlanetsAPIClient.swift in Sources */ = {isa = PBXBuildFile; fileRef = 1BCF5D611F74D5740044BB51 /* StarWarsPlanetsAPIClient.swift */; };
		1BCF5D641F74DA8F0044BB51 /* StarWarsStarshipsAPIClient.swift in Sources */ = {isa = PBXBuildFile; fileRef = 1BCF5D631F74DA8F0044BB51 /* StarWarsStarshipsAPIClient.swift */; };
		580D27A91FCE5509006D286B /* RoundButton.swift in Sources */ = {isa = PBXBuildFile; fileRef = 580D27A81FCE5509006D286B /* RoundButton.swift */; };
		581CAA151FB35E1C003C489D /* StarWarsFilmsAPIClient.swift in Sources */ = {isa = PBXBuildFile; fileRef = 581CAA141FB35E1C003C489D /* StarWarsFilmsAPIClient.swift */; };
		581CAA191FB39C1D003C489D /* StarWarsSpeciesAPIClient.swift in Sources */ = {isa = PBXBuildFile; fileRef = 581CAA181FB39C1D003C489D /* StarWarsSpeciesAPIClient.swift */; };
		581CAA1B1FB3A631003C489D /* StarWarsVehicleAPIClient.swift in Sources */ = {isa = PBXBuildFile; fileRef = 581CAA1A1FB3A631003C489D /* StarWarsVehicleAPIClient.swift */; };
		58F8BFA21FB6732000FB43E6 /* StarWarsSpecies.swift in Sources */ = {isa = PBXBuildFile; fileRef = 58F8BFA11FB6732000FB43E6 /* StarWarsSpecies.swift */; };
		58F8BFA41FB6735900FB43E6 /* StarWarsVehicles .swift in Sources */ = {isa = PBXBuildFile; fileRef = 58F8BFA31FB6735900FB43E6 /* StarWarsVehicles .swift */; };
		58F8BFA61FB6736C00FB43E6 /* StarWarsFilms.swift in Sources */ = {isa = PBXBuildFile; fileRef = 58F8BFA51FB6736C00FB43E6 /* StarWarsFilms.swift */; };
		58F8BFA81FB9457C00FB43E6 /* StarWarsVehicleDataStore.swift in Sources */ = {isa = PBXBuildFile; fileRef = 58F8BFA71FB9457C00FB43E6 /* StarWarsVehicleDataStore.swift */; };
		58F8BFAA1FBA338D00FB43E6 /* StarWarsFilmsDataStore.swift in Sources */ = {isa = PBXBuildFile; fileRef = 58F8BFA91FBA338D00FB43E6 /* StarWarsFilmsDataStore.swift */; };
		58F8BFAC1FBA362700FB43E6 /* StarWarsSpeciesDataStore.swift in Sources */ = {isa = PBXBuildFile; fileRef = 58F8BFAB1FBA362700FB43E6 /* StarWarsSpeciesDataStore.swift */; };
/* End PBXBuildFile section */

/* Begin PBXContainerItemProxy section */
		1BC861351F732CD4001DD576 /* PBXContainerItemProxy */ = {
			isa = PBXContainerItemProxy;
			containerPortal = 1BC861151F732CD4001DD576 /* Project object */;
			proxyType = 1;
			remoteGlobalIDString = 1BC8611C1F732CD4001DD576;
			remoteInfo = StarWarsAPI;
		};
		1BC861401F732CD4001DD576 /* PBXContainerItemProxy */ = {
			isa = PBXContainerItemProxy;
			containerPortal = 1BC861151F732CD4001DD576 /* Project object */;
			proxyType = 1;
			remoteGlobalIDString = 1BC8611C1F732CD4001DD576;
			remoteInfo = StarWarsAPI;
		};
/* End PBXContainerItemProxy section */

/* Begin PBXFileReference section */
		1BBDAAE81F99A33F00C63F48 /* StarWarsPeopleTableViewController.swift */ = {isa = PBXFileReference; lastKnownFileType = sourcecode.swift; path = StarWarsPeopleTableViewController.swift; sourceTree = "<group>"; };
		1BBDAAEA1F99A37E00C63F48 /* StarWarsPlanetsTableViewController.swift */ = {isa = PBXFileReference; lastKnownFileType = sourcecode.swift; path = StarWarsPlanetsTableViewController.swift; sourceTree = "<group>"; };
		1BBDAAEC1F99A3B900C63F48 /* StarWarsStarshipTableViewController.swift */ = {isa = PBXFileReference; lastKnownFileType = sourcecode.swift; path = StarWarsStarshipTableViewController.swift; sourceTree = "<group>"; };
		1BBDAAEE1F9C4B6700C63F48 /* StarWarsPeopleDataStore.swift */ = {isa = PBXFileReference; lastKnownFileType = sourcecode.swift; path = StarWarsPeopleDataStore.swift; sourceTree = "<group>"; };
		1BBDAAF01F9C4C1900C63F48 /* StarWarsPlanetsDataStore.swift */ = {isa = PBXFileReference; lastKnownFileType = sourcecode.swift; path = StarWarsPlanetsDataStore.swift; sourceTree = "<group>"; };
		1BBDAAF21F9C4C9E00C63F48 /* StarWarsStarshipDataStore.swift */ = {isa = PBXFileReference; lastKnownFileType = sourcecode.swift; path = StarWarsStarshipDataStore.swift; sourceTree = "<group>"; };
		1BC8611D1F732CD4001DD576 /* StarWarsAPI.app */ = {isa = PBXFileReference; explicitFileType = wrapper.application; includeInIndex = 0; path = StarWarsAPI.app; sourceTree = BUILT_PRODUCTS_DIR; };
		1BC861201F732CD4001DD576 /* AppDelegate.swift */ = {isa = PBXFileReference; lastKnownFileType = sourcecode.swift; name = AppDelegate.swift; path = StarWarsAPI/AppDelegate.swift; sourceTree = "<group>"; };
		1BC861221F732CD4001DD576 /* ViewController.swift */ = {isa = PBXFileReference; lastKnownFileType = sourcecode.swift; name = ViewController.swift; path = StarWarsAPI/ViewController.swift; sourceTree = "<group>"; };
		1BC861251F732CD4001DD576 /* Base */ = {isa = PBXFileReference; lastKnownFileType = file.storyboard; name = Base; path = Base.lproj/Main.storyboard; sourceTree = "<group>"; };
		1BC861281F732CD4001DD576 /* StarWarsAPI.xcdatamodel */ = {isa = PBXFileReference; lastKnownFileType = wrapper.xcdatamodel; path = StarWarsAPI.xcdatamodel; sourceTree = "<group>"; };
		1BC8612A1F732CD4001DD576 /* Assets.xcassets */ = {isa = PBXFileReference; lastKnownFileType = folder.assetcatalog; name = Assets.xcassets; path = StarWarsAPI/Assets.xcassets; sourceTree = "<group>"; };
		1BC8612D1F732CD4001DD576 /* Base */ = {isa = PBXFileReference; lastKnownFileType = file.storyboard; name = Base; path = Base.lproj/LaunchScreen.storyboard; sourceTree = "<group>"; };
		1BC8612F1F732CD4001DD576 /* Info.plist */ = {isa = PBXFileReference; lastKnownFileType = text.plist.xml; name = Info.plist; path = StarWarsAPI/Info.plist; sourceTree = "<group>"; };
		1BC861341F732CD4001DD576 /* StarWarsAPITests.xctest */ = {isa = PBXFileReference; explicitFileType = wrapper.cfbundle; includeInIndex = 0; path = StarWarsAPITests.xctest; sourceTree = BUILT_PRODUCTS_DIR; };
		1BC861381F732CD4001DD576 /* StarWarsAPITests.swift */ = {isa = PBXFileReference; lastKnownFileType = sourcecode.swift; path = StarWarsAPITests.swift; sourceTree = "<group>"; };
		1BC8613A1F732CD4001DD576 /* Info.plist */ = {isa = PBXFileReference; lastKnownFileType = text.plist.xml; path = Info.plist; sourceTree = "<group>"; };
		1BC8613F1F732CD4001DD576 /* StarWarsAPIUITests.xctest */ = {isa = PBXFileReference; explicitFileType = wrapper.cfbundle; includeInIndex = 0; path = StarWarsAPIUITests.xctest; sourceTree = BUILT_PRODUCTS_DIR; };
		1BC861431F732CD4001DD576 /* StarWarsAPIUITests.swift */ = {isa = PBXFileReference; lastKnownFileType = sourcecode.swift; path = StarWarsAPIUITests.swift; sourceTree = "<group>"; };
		1BC861451F732CD4001DD576 /* Info.plist */ = {isa = PBXFileReference; lastKnownFileType = text.plist.xml; path = Info.plist; sourceTree = "<group>"; };
		1BCE0C821F9EB21100A3F8E6 /* StarWarsPeople.swift */ = {isa = PBXFileReference; lastKnownFileType = sourcecode.swift; path = StarWarsPeople.swift; sourceTree = "<group>"; };
		1BCE0C841F9EB4AB00A3F8E6 /* StarWarsPlanet.swift */ = {isa = PBXFileReference; lastKnownFileType = sourcecode.swift; path = StarWarsPlanet.swift; sourceTree = "<group>"; };
		1BCE0C861F9EB5B400A3F8E6 /* StarWarsStarship.swift */ = {isa = PBXFileReference; lastKnownFileType = sourcecode.swift; path = StarWarsStarship.swift; sourceTree = "<group>"; };
		1BCF5D5F1F74CD0A0044BB51 /* StarWarsPeopleAPIClient.swift */ = {isa = PBXFileReference; fileEncoding = 4; lastKnownFileType = sourcecode.swift; name = StarWarsPeopleAPIClient.swift; path = StarWarsAPI/StarWarsPeopleAPIClient.swift; sourceTree = "<group>"; };
		1BCF5D611F74D5740044BB51 /* StarWarsPlanetsAPIClient.swift */ = {isa = PBXFileReference; fileEncoding = 4; lastKnownFileType = sourcecode.swift; name = StarWarsPlanetsAPIClient.swift; path = StarWarsAPI/StarWarsPlanetsAPIClient.swift; sourceTree = "<group>"; };
		1BCF5D631F74DA8F0044BB51 /* StarWarsStarshipsAPIClient.swift */ = {isa = PBXFileReference; fileEncoding = 4; lastKnownFileType = sourcecode.swift; name = StarWarsStarshipsAPIClient.swift; path = StarWarsAPI/StarWarsStarshipsAPIClient.swift; sourceTree = "<group>"; };
		580D27A81FCE5509006D286B /* RoundButton.swift */ = {isa = PBXFileReference; lastKnownFileType = sourcecode.swift; path = RoundButton.swift; sourceTree = "<group>"; };
		581CAA141FB35E1C003C489D /* StarWarsFilmsAPIClient.swift */ = {isa = PBXFileReference; lastKnownFileType = sourcecode.swift; path = StarWarsFilmsAPIClient.swift; sourceTree = "<group>"; };
		581CAA181FB39C1D003C489D /* StarWarsSpeciesAPIClient.swift */ = {isa = PBXFileReference; lastKnownFileType = sourcecode.swift; path = StarWarsSpeciesAPIClient.swift; sourceTree = "<group>"; };
		581CAA1A1FB3A631003C489D /* StarWarsVehicleAPIClient.swift */ = {isa = PBXFileReference; lastKnownFileType = sourcecode.swift; path = StarWarsVehicleAPIClient.swift; sourceTree = "<group>"; };
		58F8BFA11FB6732000FB43E6 /* StarWarsSpecies.swift */ = {isa = PBXFileReference; lastKnownFileType = sourcecode.swift; path = StarWarsSpecies.swift; sourceTree = "<group>"; };
		58F8BFA31FB6735900FB43E6 /* StarWarsVehicles .swift */ = {isa = PBXFileReference; lastKnownFileType = sourcecode.swift; path = "StarWarsVehicles .swift"; sourceTree = "<group>"; };
		58F8BFA51FB6736C00FB43E6 /* StarWarsFilms.swift */ = {isa = PBXFileReference; lastKnownFileType = sourcecode.swift; path = StarWarsFilms.swift; sourceTree = "<group>"; };
		58F8BFA71FB9457C00FB43E6 /* StarWarsVehicleDataStore.swift */ = {isa = PBXFileReference; lastKnownFileType = sourcecode.swift; path = StarWarsVehicleDataStore.swift; sourceTree = "<group>"; };
		58F8BFA91FBA338D00FB43E6 /* StarWarsFilmsDataStore.swift */ = {isa = PBXFileReference; lastKnownFileType = sourcecode.swift; path = StarWarsFilmsDataStore.swift; sourceTree = "<group>"; };
		58F8BFAB1FBA362700FB43E6 /* StarWarsSpeciesDataStore.swift */ = {isa = PBXFileReference; lastKnownFileType = sourcecode.swift; path = StarWarsSpeciesDataStore.swift; sourceTree = "<group>"; };
/* End PBXFileReference section */

/* Begin PBXFrameworksBuildPhase section */
		1BC8611A1F732CD4001DD576 /* Frameworks */ = {
			isa = PBXFrameworksBuildPhase;
			buildActionMask = 2147483647;
			files = (
			);
			runOnlyForDeploymentPostprocessing = 0;
		};
		1BC861311F732CD4001DD576 /* Frameworks */ = {
			isa = PBXFrameworksBuildPhase;
			buildActionMask = 2147483647;
			files = (
			);
			runOnlyForDeploymentPostprocessing = 0;
		};
		1BC8613C1F732CD4001DD576 /* Frameworks */ = {
			isa = PBXFrameworksBuildPhase;
			buildActionMask = 2147483647;
			files = (
			);
			runOnlyForDeploymentPostprocessing = 0;
		};
/* End PBXFrameworksBuildPhase section */

/* Begin PBXGroup section */
		1BC861141F732CD4001DD576 = {
			isa = PBXGroup;
			children = (
				1BC861201F732CD4001DD576 /* AppDelegate.swift */,
				1BC861221F732CD4001DD576 /* ViewController.swift */,
				1BCF5D5F1F74CD0A0044BB51 /* StarWarsPeopleAPIClient.swift */,
				1BCF5D611F74D5740044BB51 /* StarWarsPlanetsAPIClient.swift */,
				1BCF5D631F74DA8F0044BB51 /* StarWarsStarshipsAPIClient.swift */,
				581CAA181FB39C1D003C489D /* StarWarsSpeciesAPIClient.swift */,
				581CAA1A1FB3A631003C489D /* StarWarsVehicleAPIClient.swift */,
				581CAA141FB35E1C003C489D /* StarWarsFilmsAPIClient.swift */,
				58F8BFA11FB6732000FB43E6 /* StarWarsSpecies.swift */,
				58F8BFA31FB6735900FB43E6 /* StarWarsVehicles .swift */,
				58F8BFA51FB6736C00FB43E6 /* StarWarsFilms.swift */,
				1BCE0C841F9EB4AB00A3F8E6 /* StarWarsPlanet.swift */,
				1BCE0C821F9EB21100A3F8E6 /* StarWarsPeople.swift */,
				1BCE0C861F9EB5B400A3F8E6 /* StarWarsStarship.swift */,
				1BC861241F732CD4001DD576 /* Main.storyboard */,
				580D27A81FCE5509006D286B /* RoundButton.swift */,
				1BBDAAEC1F99A3B900C63F48 /* StarWarsStarshipTableViewController.swift */,
				1BBDAAEA1F99A37E00C63F48 /* StarWarsPlanetsTableViewController.swift */,
				1BBDAAE81F99A33F00C63F48 /* StarWarsPeopleTableViewController.swift */,
				1BBDAAEE1F9C4B6700C63F48 /* StarWarsPeopleDataStore.swift */,
				1BBDAAF21F9C4C9E00C63F48 /* StarWarsStarshipDataStore.swift */,
				1BBDAAF01F9C4C1900C63F48 /* StarWarsPlanetsDataStore.swift */,
				58F8BFA71FB9457C00FB43E6 /* StarWarsVehicleDataStore.swift */,
				58F8BFA91FBA338D00FB43E6 /* StarWarsFilmsDataStore.swift */,
				58F8BFAB1FBA362700FB43E6 /* StarWarsSpeciesDataStore.swift */,
				1BC8612A1F732CD4001DD576 /* Assets.xcassets */,
				1BC8612C1F732CD4001DD576 /* LaunchScreen.storyboard */,
				1BC8612F1F732CD4001DD576 /* Info.plist */,
				1BC861271F732CD4001DD576 /* StarWarsAPI.xcdatamodeld */,
				1BC8611F1F732CD4001DD576 /* StarWarsAPI */,
				1BC861371F732CD4001DD576 /* StarWarsAPITests */,
				1BC861421F732CD4001DD576 /* StarWarsAPIUITests */,
				1BC8611E1F732CD4001DD576 /* Products */,
			);
			sourceTree = "<group>";
		};
		1BC8611E1F732CD4001DD576 /* Products */ = {
			isa = PBXGroup;
			children = (
				1BC8611D1F732CD4001DD576 /* StarWarsAPI.app */,
				1BC861341F732CD4001DD576 /* StarWarsAPITests.xctest */,
				1BC8613F1F732CD4001DD576 /* StarWarsAPIUITests.xctest */,
			);
			name = Products;
			sourceTree = "<group>";
		};
		1BC8611F1F732CD4001DD576 /* StarWarsAPI */ = {
			isa = PBXGroup;
			children = (
			);
			path = StarWarsAPI;
			sourceTree = "<group>";
		};
		1BC861371F732CD4001DD576 /* StarWarsAPITests */ = {
			isa = PBXGroup;
			children = (
				1BC861381F732CD4001DD576 /* StarWarsAPITests.swift */,
				1BC8613A1F732CD4001DD576 /* Info.plist */,
			);
			path = StarWarsAPITests;
			sourceTree = "<group>";
		};
		1BC861421F732CD4001DD576 /* StarWarsAPIUITests */ = {
			isa = PBXGroup;
			children = (
				1BC861431F732CD4001DD576 /* StarWarsAPIUITests.swift */,
				1BC861451F732CD4001DD576 /* Info.plist */,
			);
			path = StarWarsAPIUITests;
			sourceTree = "<group>";
		};
/* End PBXGroup section */

/* Begin PBXNativeTarget section */
		1BC8611C1F732CD4001DD576 /* StarWarsAPI */ = {
			isa = PBXNativeTarget;
			buildConfigurationList = 1BC861481F732CD4001DD576 /* Build configuration list for PBXNativeTarget "StarWarsAPI" */;
			buildPhases = (
				1BC861191F732CD4001DD576 /* Sources */,
				1BC8611A1F732CD4001DD576 /* Frameworks */,
				1BC8611B1F732CD4001DD576 /* Resources */,
			);
			buildRules = (
			);
			dependencies = (
			);
			name = StarWarsAPI;
			productName = StarWarsAPI;
			productReference = 1BC8611D1F732CD4001DD576 /* StarWarsAPI.app */;
			productType = "com.apple.product-type.application";
		};
		1BC861331F732CD4001DD576 /* StarWarsAPITests */ = {
			isa = PBXNativeTarget;
			buildConfigurationList = 1BC8614B1F732CD4001DD576 /* Build configuration list for PBXNativeTarget "StarWarsAPITests" */;
			buildPhases = (
				1BC861301F732CD4001DD576 /* Sources */,
				1BC861311F732CD4001DD576 /* Frameworks */,
				1BC861321F732CD4001DD576 /* Resources */,
			);
			buildRules = (
			);
			dependencies = (
				1BC861361F732CD4001DD576 /* PBXTargetDependency */,
			);
			name = StarWarsAPITests;
			productName = StarWarsAPITests;
			productReference = 1BC861341F732CD4001DD576 /* StarWarsAPITests.xctest */;
			productType = "com.apple.product-type.bundle.unit-test";
		};
		1BC8613E1F732CD4001DD576 /* StarWarsAPIUITests */ = {
			isa = PBXNativeTarget;
			buildConfigurationList = 1BC8614E1F732CD4001DD576 /* Build configuration list for PBXNativeTarget "StarWarsAPIUITests" */;
			buildPhases = (
				1BC8613B1F732CD4001DD576 /* Sources */,
				1BC8613C1F732CD4001DD576 /* Frameworks */,
				1BC8613D1F732CD4001DD576 /* Resources */,
			);
			buildRules = (
			);
			dependencies = (
				1BC861411F732CD4001DD576 /* PBXTargetDependency */,
			);
			name = StarWarsAPIUITests;
			productName = StarWarsAPIUITests;
			productReference = 1BC8613F1F732CD4001DD576 /* StarWarsAPIUITests.xctest */;
			productType = "com.apple.product-type.bundle.ui-testing";
		};
/* End PBXNativeTarget section */

/* Begin PBXProject section */
		1BC861151F732CD4001DD576 /* Project object */ = {
			isa = PBXProject;
			attributes = {
				LastSwiftUpdateCheck = 0830;
				LastUpgradeCheck = 0830;
				ORGANIZATIONNAME = "Flatiron School";
				TargetAttributes = {
					1BC8611C1F732CD4001DD576 = {
						CreatedOnToolsVersion = 8.3.3;
						DevelopmentTeam = HLKHFWAG55;
						ProvisioningStyle = Automatic;
					};
					1BC861331F732CD4001DD576 = {
						CreatedOnToolsVersion = 8.3.3;
						ProvisioningStyle = Automatic;
						TestTargetID = 1BC8611C1F732CD4001DD576;
					};
					1BC8613E1F732CD4001DD576 = {
						CreatedOnToolsVersion = 8.3.3;
						ProvisioningStyle = Automatic;
						TestTargetID = 1BC8611C1F732CD4001DD576;
					};
				};
			};
			buildConfigurationList = 1BC861181F732CD4001DD576 /* Build configuration list for PBXProject "StarWarsAPI" */;
			compatibilityVersion = "Xcode 3.2";
			developmentRegion = English;
			hasScannedForEncodings = 0;
			knownRegions = (
				en,
				Base,
			);
			mainGroup = 1BC861141F732CD4001DD576;
			productRefGroup = 1BC8611E1F732CD4001DD576 /* Products */;
			projectDirPath = "";
			projectRoot = "";
			targets = (
				1BC8611C1F732CD4001DD576 /* StarWarsAPI */,
				1BC861331F732CD4001DD576 /* StarWarsAPITests */,
				1BC8613E1F732CD4001DD576 /* StarWarsAPIUITests */,
			);
		};
/* End PBXProject section */

/* Begin PBXResourcesBuildPhase section */
		1BC8611B1F732CD4001DD576 /* Resources */ = {
			isa = PBXResourcesBuildPhase;
			buildActionMask = 2147483647;
			files = (
				1BC8612E1F732CD4001DD576 /* LaunchScreen.storyboard in Resources */,
				1BC8612B1F732CD4001DD576 /* Assets.xcassets in Resources */,
				1BC861261F732CD4001DD576 /* Main.storyboard in Resources */,
			);
			runOnlyForDeploymentPostprocessing = 0;
		};
		1BC861321F732CD4001DD576 /* Resources */ = {
			isa = PBXResourcesBuildPhase;
			buildActionMask = 2147483647;
			files = (
			);
			runOnlyForDeploymentPostprocessing = 0;
		};
		1BC8613D1F732CD4001DD576 /* Resources */ = {
			isa = PBXResourcesBuildPhase;
			buildActionMask = 2147483647;
			files = (
			);
			runOnlyForDeploymentPostprocessing = 0;
		};
/* End PBXResourcesBuildPhase section */

/* Begin PBXSourcesBuildPhase section */
		1BC861191F732CD4001DD576 /* Sources */ = {
			isa = PBXSourcesBuildPhase;
			buildActionMask = 2147483647;
			files = (
				58F8BFA41FB6735900FB43E6 /* StarWarsVehicles .swift in Sources */,
				1BCE0C871F9EB5B400A3F8E6 /* StarWarsStarship.swift in Sources */,
				58F8BFA61FB6736C00FB43E6 /* StarWarsFilms.swift in Sources */,
				58F8BFA21FB6732000FB43E6 /* StarWarsSpecies.swift in Sources */,
				1BBDAAED1F99A3B900C63F48 /* StarWarsStarshipTableViewController.swift in Sources */,
				581CAA151FB35E1C003C489D /* StarWarsFilmsAPIClient.swift in Sources */,
				1BCF5D641F74DA8F0044BB51 /* StarWarsStarshipsAPIClient.swift in Sources */,
				1BBDAAEB1F99A37E00C63F48 /* StarWarsPlanetsTableViewController.swift in Sources */,
				1BC861291F732CD4001DD576 /* StarWarsAPI.xcdatamodeld in Sources */,
				1BCF5D601F74CD0A0044BB51 /* StarWarsPeopleAPIClient.swift in Sources */,
				1BBDAAF11F9C4C1900C63F48 /* StarWarsPlanetsDataStore.swift in Sources */,
				580D27A91FCE5509006D286B /* RoundButton.swift in Sources */,
				58F8BFAC1FBA362700FB43E6 /* StarWarsSpeciesDataStore.swift in Sources */,
				58F8BFA81FB9457C00FB43E6 /* StarWarsVehicleDataStore.swift in Sources */,
				1BCE0C851F9EB4AB00A3F8E6 /* StarWarsPlanet.swift in Sources */,
				1BCE0C831F9EB21100A3F8E6 /* StarWarsPeople.swift in Sources */,
				1BC861231F732CD4001DD576 /* ViewController.swift in Sources */,
				1BBDAAE91F99A33F00C63F48 /* StarWarsPeopleTableViewController.swift in Sources */,
				581CAA191FB39C1D003C489D /* StarWarsSpeciesAPIClient.swift in Sources */,
				1BCF5D621F74D5740044BB51 /* StarWarsPlanetsAPIClient.swift in Sources */,
				58F8BFAA1FBA338D00FB43E6 /* StarWarsFilmsDataStore.swift in Sources */,
				1BC861211F732CD4001DD576 /* AppDelegate.swift in Sources */,
				1BBDAAF31F9C4C9E00C63F48 /* StarWarsStarshipDataStore.swift in Sources */,
				1BBDAAEF1F9C4B6700C63F48 /* StarWarsPeopleDataStore.swift in Sources */,
				581CAA1B1FB3A631003C489D /* StarWarsVehicleAPIClient.swift in Sources */,
			);
			runOnlyForDeploymentPostprocessing = 0;
		};
		1BC861301F732CD4001DD576 /* Sources */ = {
			isa = PBXSourcesBuildPhase;
			buildActionMask = 2147483647;
			files = (
				1BC861391F732CD4001DD576 /* StarWarsAPITests.swift in Sources */,
			);
			runOnlyForDeploymentPostprocessing = 0;
		};
		1BC8613B1F732CD4001DD576 /* Sources */ = {
			isa = PBXSourcesBuildPhase;
			buildActionMask = 2147483647;
			files = (
				1BC861441F732CD4001DD576 /* StarWarsAPIUITests.swift in Sources */,
			);
			runOnlyForDeploymentPostprocessing = 0;
		};
/* End PBXSourcesBuildPhase section */

/* Begin PBXTargetDependency section */
		1BC861361F732CD4001DD576 /* PBXTargetDependency */ = {
			isa = PBXTargetDependency;
			target = 1BC8611C1F732CD4001DD576 /* StarWarsAPI */;
			targetProxy = 1BC861351F732CD4001DD576 /* PBXContainerItemProxy */;
		};
		1BC861411F732CD4001DD576 /* PBXTargetDependency */ = {
			isa = PBXTargetDependency;
			target = 1BC8611C1F732CD4001DD576 /* StarWarsAPI */;
			targetProxy = 1BC861401F732CD4001DD576 /* PBXContainerItemProxy */;
		};
/* End PBXTargetDependency section */

/* Begin PBXVariantGroup section */
		1BC861241F732CD4001DD576 /* Main.storyboard */ = {
			isa = PBXVariantGroup;
			children = (
				1BC861251F732CD4001DD576 /* Base */,
			);
			name = Main.storyboard;
			path = StarWarsAPI;
			sourceTree = "<group>";
		};
		1BC8612C1F732CD4001DD576 /* LaunchScreen.storyboard */ = {
			isa = PBXVariantGroup;
			children = (
				1BC8612D1F732CD4001DD576 /* Base */,
			);
			name = LaunchScreen.storyboard;
			path = StarWarsAPI;
			sourceTree = "<group>";
		};
/* End PBXVariantGroup section */

/* Begin XCBuildConfiguration section */
		1BC861461F732CD4001DD576 /* Debug */ = {
			isa = XCBuildConfiguration;
			buildSettings = {
				ALWAYS_SEARCH_USER_PATHS = NO;
				CLANG_ANALYZER_NONNULL = YES;
				CLANG_ANALYZER_NUMBER_OBJECT_CONVERSION = YES_AGGRESSIVE;
				CLANG_CXX_LANGUAGE_STANDARD = "gnu++0x";
				CLANG_CXX_LIBRARY = "libc++";
				CLANG_ENABLE_MODULES = YES;
				CLANG_ENABLE_OBJC_ARC = YES;
				CLANG_WARN_BOOL_CONVERSION = YES;
				CLANG_WARN_CONSTANT_CONVERSION = YES;
				CLANG_WARN_DIRECT_OBJC_ISA_USAGE = YES_ERROR;
				CLANG_WARN_DOCUMENTATION_COMMENTS = YES;
				CLANG_WARN_EMPTY_BODY = YES;
				CLANG_WARN_ENUM_CONVERSION = YES;
				CLANG_WARN_INFINITE_RECURSION = YES;
				CLANG_WARN_INT_CONVERSION = YES;
				CLANG_WARN_OBJC_ROOT_CLASS = YES_ERROR;
				CLANG_WARN_SUSPICIOUS_MOVE = YES;
				CLANG_WARN_UNREACHABLE_CODE = YES;
				CLANG_WARN__DUPLICATE_METHOD_MATCH = YES;
				"CODE_SIGN_IDENTITY[sdk=iphoneos*]" = "iPhone Developer";
				COPY_PHASE_STRIP = NO;
				DEBUG_INFORMATION_FORMAT = dwarf;
				ENABLE_STRICT_OBJC_MSGSEND = YES;
				ENABLE_TESTABILITY = YES;
				GCC_C_LANGUAGE_STANDARD = gnu99;
				GCC_DYNAMIC_NO_PIC = NO;
				GCC_NO_COMMON_BLOCKS = YES;
				GCC_OPTIMIZATION_LEVEL = 0;
				GCC_PREPROCESSOR_DEFINITIONS = (
					"DEBUG=1",
					"$(inherited)",
				);
				GCC_WARN_64_TO_32_BIT_CONVERSION = YES;
				GCC_WARN_ABOUT_RETURN_TYPE = YES_ERROR;
				GCC_WARN_UNDECLARED_SELECTOR = YES;
				GCC_WARN_UNINITIALIZED_AUTOS = YES_AGGRESSIVE;
				GCC_WARN_UNUSED_FUNCTION = YES;
				GCC_WARN_UNUSED_VARIABLE = YES;
				IPHONEOS_DEPLOYMENT_TARGET = 10.3;
				MTL_ENABLE_DEBUG_INFO = YES;
				ONLY_ACTIVE_ARCH = YES;
				SDKROOT = iphoneos;
				SWIFT_ACTIVE_COMPILATION_CONDITIONS = DEBUG;
				SWIFT_OPTIMIZATION_LEVEL = "-Onone";
			};
			name = Debug;
		};
		1BC861471F732CD4001DD576 /* Release */ = {
			isa = XCBuildConfiguration;
			buildSettings = {
				ALWAYS_SEARCH_USER_PATHS = NO;
				CLANG_ANALYZER_NONNULL = YES;
				CLANG_ANALYZER_NUMBER_OBJECT_CONVERSION = YES_AGGRESSIVE;
				CLANG_CXX_LANGUAGE_STANDARD = "gnu++0x";
				CLANG_CXX_LIBRARY = "libc++";
				CLANG_ENABLE_MODULES = YES;
				CLANG_ENABLE_OBJC_ARC = YES;
				CLANG_WARN_BOOL_CONVERSION = YES;
				CLANG_WARN_CONSTANT_CONVERSION = YES;
				CLANG_WARN_DIRECT_OBJC_ISA_USAGE = YES_ERROR;
				CLANG_WARN_DOCUMENTATION_COMMENTS = YES;
				CLANG_WARN_EMPTY_BODY = YES;
				CLANG_WARN_ENUM_CONVERSION = YES;
				CLANG_WARN_INFINITE_RECURSION = YES;
				CLANG_WARN_INT_CONVERSION = YES;
				CLANG_WARN_OBJC_ROOT_CLASS = YES_ERROR;
				CLANG_WARN_SUSPICIOUS_MOVE = YES;
				CLANG_WARN_UNREACHABLE_CODE = YES;
				CLANG_WARN__DUPLICATE_METHOD_MATCH = YES;
				"CODE_SIGN_IDENTITY[sdk=iphoneos*]" = "iPhone Developer";
				COPY_PHASE_STRIP = NO;
				DEBUG_INFORMATION_FORMAT = "dwarf-with-dsym";
				ENABLE_NS_ASSERTIONS = NO;
				ENABLE_STRICT_OBJC_MSGSEND = YES;
				GCC_C_LANGUAGE_STANDARD = gnu99;
				GCC_NO_COMMON_BLOCKS = YES;
				GCC_WARN_64_TO_32_BIT_CONVERSION = YES;
				GCC_WARN_ABOUT_RETURN_TYPE = YES_ERROR;
				GCC_WARN_UNDECLARED_SELECTOR = YES;
				GCC_WARN_UNINITIALIZED_AUTOS = YES_AGGRESSIVE;
				GCC_WARN_UNUSED_FUNCTION = YES;
				GCC_WARN_UNUSED_VARIABLE = YES;
				IPHONEOS_DEPLOYMENT_TARGET = 10.3;
				MTL_ENABLE_DEBUG_INFO = NO;
				SDKROOT = iphoneos;
				SWIFT_OPTIMIZATION_LEVEL = "-Owholemodule";
				VALIDATE_PRODUCT = YES;
			};
			name = Release;
		};
		1BC861491F732CD4001DD576 /* Debug */ = {
			isa = XCBuildConfiguration;
			buildSettings = {
				ASSETCATALOG_COMPILER_APPICON_NAME = AppIcon;
				DEVELOPMENT_TEAM = HLKHFWAG55;
				INFOPLIST_FILE = StarWarsAPI/Info.plist;
				LD_RUNPATH_SEARCH_PATHS = "$(inherited) @executable_path/Frameworks";
				PRODUCT_BUNDLE_IDENTIFIER = com.first.StarWarsAPI;
				PRODUCT_NAME = "$(TARGET_NAME)";
				SWIFT_VERSION = 3.0;
			};
			name = Debug;
		};
		1BC8614A1F732CD4001DD576 /* Release */ = {
			isa = XCBuildConfiguration;
			buildSettings = {
				ASSETCATALOG_COMPILER_APPICON_NAME = AppIcon;
				DEVELOPMENT_TEAM = HLKHFWAG55;
				INFOPLIST_FILE = StarWarsAPI/Info.plist;
				LD_RUNPATH_SEARCH_PATHS = "$(inherited) @executable_path/Frameworks";
				PRODUCT_BUNDLE_IDENTIFIER = com.first.StarWarsAPI;
				PRODUCT_NAME = "$(TARGET_NAME)";
				SWIFT_VERSION = 3.0;
			};
			name = Release;
		};
		1BC8614C1F732CD4001DD576 /* Debug */ = {
			isa = XCBuildConfiguration;
			buildSettings = {
				ALWAYS_EMBED_SWIFT_STANDARD_LIBRARIES = YES;
				BUNDLE_LOADER = "$(TEST_HOST)";
				INFOPLIST_FILE = StarWarsAPITests/Info.plist;
				LD_RUNPATH_SEARCH_PATHS = "$(inherited) @executable_path/Frameworks @loader_path/Frameworks";
				PRODUCT_BUNDLE_IDENTIFIER = com.first.StarWarsAPITests;
				PRODUCT_NAME = "$(TARGET_NAME)";
				SWIFT_VERSION = 3.0;
				TEST_HOST = "$(BUILT_PRODUCTS_DIR)/StarWarsAPI.app/StarWarsAPI";
			};
			name = Debug;
		};
		1BC8614D1F732CD4001DD576 /* Release */ = {
			isa = XCBuildConfiguration;
			buildSettings = {
				ALWAYS_EMBED_SWIFT_STANDARD_LIBRARIES = YES;
				BUNDLE_LOADER = "$(TEST_HOST)";
				INFOPLIST_FILE = StarWarsAPITests/Info.plist;
				LD_RUNPATH_SEARCH_PATHS = "$(inherited) @executable_path/Frameworks @loader_path/Frameworks";
				PRODUCT_BUNDLE_IDENTIFIER = com.first.StarWarsAPITests;
				PRODUCT_NAME = "$(TARGET_NAME)";
				SWIFT_VERSION = 3.0;
				TEST_HOST = "$(BUILT_PRODUCTS_DIR)/StarWarsAPI.app/StarWarsAPI";
			};
			name = Release;
		};
		1BC8614F1F732CD4001DD576 /* Debug */ = {
			isa = XCBuildConfiguration;
			buildSettings = {
				ALWAYS_EMBED_SWIFT_STANDARD_LIBRARIES = YES;
				INFOPLIST_FILE = StarWarsAPIUITests/Info.plist;
				LD_RUNPATH_SEARCH_PATHS = "$(inherited) @executable_path/Frameworks @loader_path/Frameworks";
				PRODUCT_BUNDLE_IDENTIFIER = com.first.StarWarsAPIUITests;
				PRODUCT_NAME = "$(TARGET_NAME)";
				SWIFT_VERSION = 3.0;
				TEST_TARGET_NAME = StarWarsAPI;
			};
			name = Debug;
		};
		1BC861501F732CD4001DD576 /* Release */ = {
			isa = XCBuildConfiguration;
			buildSettings = {
				ALWAYS_EMBED_SWIFT_STANDARD_LIBRARIES = YES;
				INFOPLIST_FILE = StarWarsAPIUITests/Info.plist;
				LD_RUNPATH_SEARCH_PATHS = "$(inherited) @executable_path/Frameworks @loader_path/Frameworks";
				PRODUCT_BUNDLE_IDENTIFIER = com.first.StarWarsAPIUITests;
				PRODUCT_NAME = "$(TARGET_NAME)";
				SWIFT_VERSION = 3.0;
				TEST_TARGET_NAME = StarWarsAPI;
			};
			name = Release;
		};
/* End XCBuildConfiguration section */

/* Begin XCConfigurationList section */
		1BC861181F732CD4001DD576 /* Build configuration list for PBXProject "StarWarsAPI" */ = {
			isa = XCConfigurationList;
			buildConfigurations = (
				1BC861461F732CD4001DD576 /* Debug */,
				1BC861471F732CD4001DD576 /* Release */,
			);
			defaultConfigurationIsVisible = 0;
			defaultConfigurationName = Release;
		};
		1BC861481F732CD4001DD576 /* Build configuration list for PBXNativeTarget "StarWarsAPI" */ = {
			isa = XCConfigurationList;
			buildConfigurations = (
				1BC861491F732CD4001DD576 /* Debug */,
				1BC8614A1F732CD4001DD576 /* Release */,
			);
			defaultConfigurationIsVisible = 0;
			defaultConfigurationName = Release;
		};
		1BC8614B1F732CD4001DD576 /* Build configuration list for PBXNativeTarget "StarWarsAPITests" */ = {
			isa = XCConfigurationList;
			buildConfigurations = (
				1BC8614C1F732CD4001DD576 /* Debug */,
				1BC8614D1F732CD4001DD576 /* Release */,
			);
			defaultConfigurationIsVisible = 0;
			defaultConfigurationName = Release;
		};
		1BC8614E1F732CD4001DD576 /* Build configuration list for PBXNativeTarget "StarWarsAPIUITests" */ = {
			isa = XCConfigurationList;
			buildConfigurations = (
				1BC8614F1F732CD4001DD576 /* Debug */,
				1BC861501F732CD4001DD576 /* Release */,
			);
			defaultConfigurationIsVisible = 0;
			defaultConfigurationName = Release;
		};
/* End XCConfigurationList section */

/* Begin XCVersionGroup section */
		1BC861271F732CD4001DD576 /* StarWarsAPI.xcdatamodeld */ = {
			isa = XCVersionGroup;
			children = (
				1BC861281F732CD4001DD576 /* StarWarsAPI.xcdatamodel */,
			);
			currentVersion = 1BC861281F732CD4001DD576 /* StarWarsAPI.xcdatamodel */;
			name = StarWarsAPI.xcdatamodeld;
			path = StarWarsAPI/StarWarsAPI.xcdatamodeld;
			sourceTree = "<group>";
			versionGroupType = wrapper.xcdatamodel;
		};
/* End XCVersionGroup section */
	};
	rootObject = 1BC861151F732CD4001DD576 /* Project object */;
}
